# This file is automatically @generated by Poetry 1.4.0 and should not be changed by hand.

[[package]]
name = "polars"
version = "0.19.2"
description = "Blazingly fast DataFrame library"
category = "main"
optional = false
python-versions = ">=3.8"
files = [
    {file = "polars-0.19.2-cp38-abi3-macosx_10_7_x86_64.whl", hash = "sha256:a49aa12cb6559329e0d239acde98f91542e28118ff5fe7976f789d2c243d2958"},
    {file = "polars-0.19.2-cp38-abi3-macosx_11_0_arm64.whl", hash = "sha256:8b16bc14be88f0f0fd7e038fae8fb18fc077783722d1170268624750fc76b56a"},
    {file = "polars-0.19.2-cp38-abi3-manylinux_2_17_aarch64.manylinux2014_aarch64.whl", hash = "sha256:fd2382b587b8d6c8b30213ae9ead77d924f30ebc6fae488f42f49fa24a884f8c"},
    {file = "polars-0.19.2-cp38-abi3-manylinux_2_17_x86_64.manylinux2014_x86_64.whl", hash = "sha256:cd913889810f7f1d2b5f9849b7509f95e63383e75d04fca6512ad8bd04880856"},
    {file = "polars-0.19.2-cp38-abi3-win_amd64.whl", hash = "sha256:59002baaf7c85703476bdb9736faeb86b686f5e790e5054c4bc66ae5da157a8c"},
    {file = "polars-0.19.2.tar.gz", hash = "sha256:04e0e51374d5934ab77ad435a2e8d78ca964ee79625c743cae50b7d9b8716423"},
]

[package.dependencies]
xlsx2csv = {version = ">=0.8.0", optional = true, markers = "extra == \"xlsx2csv\""}

[package.extras]
adbc = ["adbc_driver_sqlite"]
all = ["polars[adbc,cloudpickle,connectorx,deltalake,fsspec,matplotlib,numpy,pandas,pyarrow,pydantic,sqlalchemy,timezone,xlsx2csv,xlsxwriter]"]
cloudpickle = ["cloudpickle"]
connectorx = ["connectorx"]
deltalake = ["deltalake (>=0.10.0)"]
fsspec = ["fsspec"]
matplotlib = ["matplotlib"]
numpy = ["numpy (>=1.16.0)"]
pandas = ["pandas", "pyarrow (>=7.0.0)"]
pyarrow = ["pyarrow (>=7.0.0)"]
pydantic = ["pydantic (>=2.0.0)"]
sqlalchemy = ["pandas", "sqlalchemy"]
timezone = ["backports.zoneinfo", "tzdata"]
xlsx2csv = ["xlsx2csv (>=0.8.0)"]
xlsxwriter = ["xlsxwriter"]

[[package]]
name = "xlsx2csv"
version = "0.8.1"
description = "xlsx to csv converter"
category = "main"
optional = false
python-versions = "*"
files = [
    {file = "xlsx2csv-0.8.1-py3-none-any.whl", hash = "sha256:6c36c0295d64f231570479e514d6163ce135af3c431a1705b073230bedaef9f2"},
    {file = "xlsx2csv-0.8.1.tar.gz", hash = "sha256:7ecd6d2bc2426f2e432f4fdac12211e1976d3cbb65f9033e1eda65edda2045e3"},
]

[metadata]
lock-version = "2.0"
python-versions = "^3.11"
content-hash = "4684e62148f82a7eb3a829767d23d8bd133d4bb7946f91962215c6069c1e3756"
